
Microsoft Visual Studio Solution File, Format Version 12.00
# Visual Studio 14
VisualStudioVersion = 14.0.22823.1
MinimumVisualStudioVersion = 10.0.40219.1
Project("{FAE04EC0-301F-11D3-BF4B-00C04F79EFBC}") = "Fancyauth", "Fancyauth\Fancyauth.csproj", "{A5B35D57-562F-44B6-BEF5-83565911091C}"
EndProject
Project("{2150E333-8FDC-42A3-9474-1A3956D46DE8}") = "Solution Items", "Solution Items", "{0BD5EFBF-A8F8-44B9-91AD-1F11B2F8EDC9}"
	ProjectSection(SolutionItems) = preProject
		Murmur.ice = Murmur.ice
	EndProjectSection
EndProject
Project("{FAE04EC0-301F-11D3-BF4B-00C04F79EFBC}") = "Fancyauth.API", "Fancyauth.API\Fancyauth.API.csproj", "{F77D8A2C-60EA-4A5A-B9F6-47926B469095}"
EndProject
Project("{FAE04EC0-301F-11D3-BF4B-00C04F79EFBC}") = "Fancyauth.APIUtil", "Fancyauth.APIUtil\Fancyauth.APIUtil.csproj", "{7D02CC6A-6E21-47BB-B7A7-801BF5C62677}"
EndProject
Project("{FAE04EC0-301F-11D3-BF4B-00C04F79EFBC}") = "Fancyauth.Model", "Fancyauth.Model\Fancyauth.Model.csproj", "{A935CBC9-42BB-4FD6-A8DC-1F8C52C0B89E}"
EndProject
Project("{FAE04EC0-301F-11D3-BF4B-00C04F79EFBC}") = "Fancyauth.API.DB", "Fancyauth.API.DB\Fancyauth.API.DB.csproj", "{8CC8506F-80A7-410C-BFC4-F9488BABAD9A}"
EndProject
Global
	GlobalSection(SolutionConfigurationPlatforms) = preSolution
		Debug|Any CPU = Debug|Any CPU
		Debug|x86 = Debug|x86
		Release|Any CPU = Release|Any CPU
		Release|x86 = Release|x86
	EndGlobalSection
	GlobalSection(ProjectConfigurationPlatforms) = postSolution
		{A5B35D57-562F-44B6-BEF5-83565911091C}.Debug|Any CPU.ActiveCfg = Debug|Any CPU
		{A5B35D57-562F-44B6-BEF5-83565911091C}.Debug|Any CPU.Build.0 = Debug|Any CPU
		{A5B35D57-562F-44B6-BEF5-83565911091C}.Debug|x86.ActiveCfg = Debug|Any CPU
		{A5B35D57-562F-44B6-BEF5-83565911091C}.Debug|x86.Build.0 = Debug|Any CPU
		{A5B35D57-562F-44B6-BEF5-83565911091C}.Release|Any CPU.ActiveCfg = Release|Any CPU
		{A5B35D57-562F-44B6-BEF5-83565911091C}.Release|Any CPU.Build.0 = Release|Any CPU
		{A5B35D57-562F-44B6-BEF5-83565911091C}.Release|x86.ActiveCfg = Release|Any CPU
		{A5B35D57-562F-44B6-BEF5-83565911091C}.Release|x86.Build.0 = Release|Any CPU
		{F77D8A2C-60EA-4A5A-B9F6-47926B469095}.Debug|Any CPU.ActiveCfg = Debug|Any CPU
		{F77D8A2C-60EA-4A5A-B9F6-47926B469095}.Debug|Any CPU.Build.0 = Debug|Any CPU
		{F77D8A2C-60EA-4A5A-B9F6-47926B469095}.Debug|x86.ActiveCfg = Debug|Any CPU
		{F77D8A2C-60EA-4A5A-B9F6-47926B469095}.Debug|x86.Build.0 = Debug|Any CPU
		{F77D8A2C-60EA-4A5A-B9F6-47926B469095}.Release|Any CPU.ActiveCfg = Release|Any CPU
		{F77D8A2C-60EA-4A5A-B9F6-47926B469095}.Release|Any CPU.Build.0 = Release|Any CPU
		{F77D8A2C-60EA-4A5A-B9F6-47926B469095}.Release|x86.ActiveCfg = Release|Any CPU
		{F77D8A2C-60EA-4A5A-B9F6-47926B469095}.Release|x86.Build.0 = Release|Any CPU
		{7D02CC6A-6E21-47BB-B7A7-801BF5C62677}.Debug|Any CPU.ActiveCfg = Debug|Any CPU
		{7D02CC6A-6E21-47BB-B7A7-801BF5C62677}.Debug|Any CPU.Build.0 = Debug|Any CPU
		{7D02CC6A-6E21-47BB-B7A7-801BF5C62677}.Debug|x86.ActiveCfg = Debug|Any CPU
		{7D02CC6A-6E21-47BB-B7A7-801BF5C62677}.Debug|x86.Build.0 = Debug|Any CPU
		{7D02CC6A-6E21-47BB-B7A7-801BF5C62677}.Release|Any CPU.ActiveCfg = Release|Any CPU
		{7D02CC6A-6E21-47BB-B7A7-801BF5C62677}.Release|Any CPU.Build.0 = Release|Any CPU
		{7D02CC6A-6E21-47BB-B7A7-801BF5C62677}.Release|x86.ActiveCfg = Release|Any CPU
		{7D02CC6A-6E21-47BB-B7A7-801BF5C62677}.Release|x86.Build.0 = Release|Any CPU
		{A935CBC9-42BB-4FD6-A8DC-1F8C52C0B89E}.Debug|Any CPU.ActiveCfg = Debug|Any CPU
		{A935CBC9-42BB-4FD6-A8DC-1F8C52C0B89E}.Debug|Any CPU.Build.0 = Debug|Any CPU
		{A935CBC9-42BB-4FD6-A8DC-1F8C52C0B89E}.Debug|x86.ActiveCfg = Debug|Any CPU
		{A935CBC9-42BB-4FD6-A8DC-1F8C52C0B89E}.Debug|x86.Build.0 = Debug|Any CPU
		{A935CBC9-42BB-4FD6-A8DC-1F8C52C0B89E}.Release|Any CPU.ActiveCfg = Release|Any CPU
		{A935CBC9-42BB-4FD6-A8DC-1F8C52C0B89E}.Release|Any CPU.Build.0 = Release|Any CPU
		{A935CBC9-42BB-4FD6-A8DC-1F8C52C0B89E}.Release|x86.ActiveCfg = Release|Any CPU
		{A935CBC9-42BB-4FD6-A8DC-1F8C52C0B89E}.Release|x86.Build.0 = Release|Any CPU
		{8CC8506F-80A7-410C-BFC4-F9488BABAD9A}.Debug|Any CPU.ActiveCfg = Debug|Any CPU
		{8CC8506F-80A7-410C-BFC4-F9488BABAD9A}.Debug|Any CPU.Build.0 = Debug|Any CPU
		{8CC8506F-80A7-410C-BFC4-F9488BABAD9A}.Debug|x86.ActiveCfg = Debug|Any CPU
		{8CC8506F-80A7-410C-BFC4-F9488BABAD9A}.Debug|x86.Build.0 = Debug|Any CPU
		{8CC8506F-80A7-410C-BFC4-F9488BABAD9A}.Release|Any CPU.ActiveCfg = Release|Any CPU
		{8CC8506F-80A7-410C-BFC4-F9488BABAD9A}.Release|Any CPU.Build.0 = Release|Any CPU
		{8CC8506F-80A7-410C-BFC4-F9488BABAD9A}.Release|x86.ActiveCfg = Release|Any CPU
		{8CC8506F-80A7-410C-BFC4-F9488BABAD9A}.Release|x86.Build.0 = Release|Any CPU
	EndGlobalSection
	GlobalSection(SolutionProperties) = preSolution
		HideSolutionNode = FALSE
	EndGlobalSection
EndGlobal
